<?xml version="1.0" encoding="UTF-8"?>
<Scheme
   LastUpgradeVersion = "1020"
   version = "1.3">
   <BuildAction
      parallelizeBuildables = "YES"
      buildImplicitDependencies = "YES">
      <BuildActionEntries>
         <BuildActionEntry
            buildForTesting = "YES"
            buildForRunning = "YES"
            buildForProfiling = "YES"
            buildForArchiving = "YES"
            buildForAnalyzing = "YES">
            <BuildableReference
               BuildableIdentifier = "primary"
               BlueprintIdentifier = "7C68F9641C86F8DD000722CA"
               BuildableName = "SdkCore.framework"
               BlueprintName = "SdkCore"
               ReferencedContainer = "container:../../../../packages/groundsdk-ios/sdkcore/SdkCore.xcodeproj">
            </BuildableReference>
         </BuildActionEntry>
         <BuildActionEntry
            buildForTesting = "YES"
            buildForRunning = "YES"
            buildForProfiling = "YES"
            buildForArchiving = "YES"
            buildForAnalyzing = "YES">
            <BuildableReference
               BuildableIdentifier = "primary"
               BlueprintIdentifier = "7C3CD1BC1C7F430D005B09D1"
               BuildableName = "GroundSdk.framework"
               BlueprintName = "GroundSdk"
               ReferencedContainer = "container:../../../../packages/groundsdk-ios/groundsdk/GroundSdk.xcodeproj">
            </BuildableReference>
         </BuildActionEntry>
         <BuildActionEntry
            buildForTesting = "YES"
            buildForRunning = "YES"
            buildForProfiling = "YES"
            buildForArchiving = "YES"
            buildForAnalyzing = "YES">
            <BuildableReference
               BuildableIdentifier = "primary"
               BlueprintIdentifier = "7CA1C96C1C807AC200FE9ED4"
               BuildableName = "ArsdkEngine.framework"
               BlueprintName = "ArsdkEngine"
               ReferencedContainer = "container:../../../../packages/groundsdk-ios/arsdkengine/ArsdkEngine.xcodeproj">
            </BuildableReference>
         </BuildActionEntry>
         <BuildActionEntry
            buildForTesting = "YES"
            buildForRunning = "YES"
            buildForProfiling = "YES"
            buildForArchiving = "YES"
            buildForAnalyzing = "YES">
            <BuildableReference
               BuildableIdentifier = "primary"
               BlueprintIdentifier = "7CA1C9901C807D5000FE9ED4"
               BuildableName = "GroundSdkDemo.app"
               BlueprintName = "GroundSdkDemo"
               ReferencedContainer = "container:../../../../packages/groundsdk-ios/demo/GroundSdkDemo.xcodeproj">
            </BuildableReference>
         </BuildActionEntry>
         <BuildActionEntry
            buildForTesting = "YES"
            buildForRunning = "NO"
            buildForProfiling = "NO"
            buildForArchiving = "NO"
            buildForAnalyzing = "NO">
            <BuildableReference
               BuildableIdentifier = "primary"
               BlueprintIdentifier = "7C31C9311CC7A9F90007833F"
               BuildableName = "GroundSdkMock.framework"
               BlueprintName = "GroundSdkMock"
               ReferencedContainer = "container:../../../../packages/groundsdk-ios/groundsdk/GroundSdk.xcodeproj">
            </BuildableReference>
         </BuildActionEntry>
         <BuildActionEntry
            buildForTesting = "YES"
            buildForRunning = "NO"
            buildForProfiling = "NO"
            buildForArchiving = "NO"
            buildForAnalyzing = "NO">
            <BuildableReference
               BuildableIdentifier = "primary"
               BlueprintIdentifier = "F8B941B31CC50C2E0099CBBC"
               BuildableName = "SdkCoreTesting.framework"
               BlueprintName = "SdkCoreTesting"
               ReferencedContainer = "container:../../../../packages/groundsdk-ios/sdkcore/SdkCore.xcodeproj">
            </BuildableReference>
         </BuildActionEntry>
         <BuildActionEntry
            buildForTesting = "YES"
            buildForRunning = "NO"
            buildForProfiling = "NO"
            buildForArchiving = "NO"
            buildForAnalyzing = "NO">
            <BuildableReference
               BuildableIdentifier = "primary"
               BlueprintIdentifier = "7C3CD1C61C7F430D005B09D1"
               BuildableName = "GroundSdkTests.xctest"
               BlueprintName = "GroundSdkTests"
               ReferencedContainer = "container:../../../../packages/groundsdk-ios/groundsdk/GroundSdk.xcodeproj">
            </BuildableReference>
         </BuildActionEntry>
         <BuildActionEntry
            buildForTesting = "YES"
            buildForRunning = "NO"
            buildForProfiling = "NO"
            buildForArchiving = "NO"
            buildForAnalyzing = "NO">
            <BuildableReference
               BuildableIdentifier = "primary"
               BlueprintIdentifier = "7CA1C9761C807AC200FE9ED4"
               BuildableName = "ArsdkEngineTests.xctest"
               BlueprintName = "ArsdkEngineTests"
               ReferencedContainer = "container:../../../../packages/groundsdk-ios/arsdkengine/ArsdkEngine.xcodeproj">
            </BuildableReference>
         </BuildActionEntry>
         <BuildActionEntry
            buildForTesting = "YES"
            buildForRunning = "NO"
            buildForProfiling = "NO"
            buildForArchiving = "NO"
            buildForAnalyzing = "NO">
            <BuildableReference
               BuildableIdentifier = "primary"
               BlueprintIdentifier = "7C3DFD691CC65D530042E53B"
               BuildableName = "GroundSdkObjCTests.xctest"
               BlueprintName = "GroundSdkObjCTests"
               ReferencedContainer = "container:../../../../packages/groundsdk-ios/groundsdk/GroundSdk.xcodeproj">
            </BuildableReference>
         </BuildActionEntry>
      </BuildActionEntries>
   </BuildAction>
   <TestAction
      buildConfiguration = "Debug"
      selectedDebuggerIdentifier = "Xcode.DebuggerFoundation.Debugger.LLDB"
      selectedLauncherIdentifier = "Xcode.DebuggerFoundation.Launcher.LLDB"
      codeCoverageEnabled = "YES"
      shouldUseLaunchSchemeArgsEnv = "YES">
      <Testables>
         <TestableReference
            skipped = "NO">
            <BuildableReference
               BuildableIdentifier = "primary"
               BlueprintIdentifier = "7CA1C9761C807AC200FE9ED4"
               BuildableName = "ArsdkEngineTests.xctest"
               BlueprintName = "ArsdkEngineTests"
               ReferencedContainer = "container:../../../../packages/groundsdk-ios/arsdkengine/ArsdkEngine.xcodeproj">
            </BuildableReference>
         </TestableReference>
         <TestableReference
            skipped = "NO">
            <BuildableReference
               BuildableIdentifier = "primary"
               BlueprintIdentifier = "7C3CD1C61C7F430D005B09D1"
               BuildableName = "GroundSdkTests.xctest"
               BlueprintName = "GroundSdkTests"
               ReferencedContainer = "container:../../../../packages/groundsdk-ios/groundsdk/GroundSdk.xcodeproj">
            </BuildableReference>
         </TestableReference>
         <TestableReference
            skipped = "NO">
            <BuildableReference
               BuildableIdentifier = "primary"
               BlueprintIdentifier = "7C3DFD691CC65D530042E53B"
               BuildableName = "GroundSdkObjCTests.xctest"
               BlueprintName = "GroundSdkObjCTests"
               ReferencedContainer = "container:../../../../packages/groundsdk-ios/groundsdk/GroundSdk.xcodeproj">
            </BuildableReference>
         </TestableReference>
      </Testables>
      <MacroExpansion>
         <BuildableReference
            BuildableIdentifier = "primary"
            BlueprintIdentifier = "7CA1C9901C807D5000FE9ED4"
            BuildableName = "GroundSdkDemo.app"
            BlueprintName = "GroundSdkDemo"
            ReferencedContainer = "container:../../../../packages/groundsdk-ios/demo/GroundSdkDemo.xcodeproj">
         </BuildableReference>
      </MacroExpansion>
      <AdditionalOptions>
      </AdditionalOptions>
   </TestAction>
   <LaunchAction
      buildConfiguration = "Debug"
      selectedDebuggerIdentifier = "Xcode.DebuggerFoundation.Debugger.LLDB"
      selectedLauncherIdentifier = "Xcode.DebuggerFoundation.Launcher.LLDB"
      launchStyle = "0"
      useCustomWorkingDirectory = "NO"
      ignoresPersistentStateOnLaunch = "NO"
      debugDocumentVersioning = "YES"
      debugServiceExtension = "internal"
      allowLocationSimulation = "YES">
      <BuildableProductRunnable
         runnableDebuggingMode = "0">
         <BuildableReference
            BuildableIdentifier = "primary"
            BlueprintIdentifier = "7CA1C9901C807D5000FE9ED4"
            BuildableName = "GroundSdkDemo.app"
            BlueprintName = "GroundSdkDemo"
            ReferencedContainer = "container:../../../../packages/groundsdk-ios/demo/GroundSdkDemo.xcodeproj">
         </BuildableReference>
      </BuildableProductRunnable>
      <EnvironmentVariables>
         <EnvironmentVariable
            key = "ULOG_LEVEL"
            value = "D"
            isEnabled = "YES">
         </EnvironmentVariable>
      </EnvironmentVariables>
      <AdditionalOptions>
      </AdditionalOptions>
   </LaunchAction>
   <ProfileAction
      buildConfiguration = "Release"
      shouldUseLaunchSchemeArgsEnv = "YES"
      savedToolIdentifier = ""
      useCustomWorkingDirectory = "NO"
      debugDocumentVersioning = "YES">
      <BuildableProductRunnable
         runnableDebuggingMode = "0">
         <BuildableReference
            BuildableIdentifier = "primary"
            BlueprintIdentifier = "7CA1C9901C807D5000FE9ED4"
            BuildableName = "GroundSdkDemo.app"
            BlueprintName = "GroundSdkDemo"
            ReferencedContainer = "container:../../../../packages/groundsdk-ios/demo/GroundSdkDemo.xcodeproj">
         </BuildableReference>
      </BuildableProductRunnable>
   </ProfileAction>
   <AnalyzeAction
      buildConfiguration = "Debug">
   </AnalyzeAction>
   <ArchiveAction
      buildConfiguration = "Release"
      revealArchiveInOrganizer = "YES">
   </ArchiveAction>
</Scheme>
